# This file is automatically @generated by Cargo.
# It is not intended for manual editing.
version = 4

[[package]]
name = "midori-core"
version = "0.1.0"

[[package]]
name = "midori-driver-midi"
version = "0.1.0"
dependencies = [
 "midori-sdk",
]

[[package]]
name = "midori-driver-osc"
version = "0.1.0"
dependencies = [
 "midori-sdk",
]

[[package]]
name = "midori-runtime"
version = "0.1.0"
dependencies = [
 "midori-core",
]

[[package]]
name = "midori-sdk"
version = "0.1.0"
dependencies = [
 "midori-core",
]
