lockfileVersion: '9.0'

settings:
  autoInstallPeers: true
  excludeLinksFromLockfile: false

importers:

  .:
    devDependencies:
      '@biomejs/biome':
        specifier: ^2.5.3
        version: 2.5.3
      lefthook:
        specifier: ^2.1.10
        version: 2.1.10

  packages/gui:
    dependencies:
      '@midori/runtime':
        specifier: workspace:*
        version: link:../runtime
      '@midori/ui':
        specifier: workspace:*
        version: link:../ui

  packages/runtime:
    optionalDependencies:
      '@midori/runtime-darwin-arm64':
        specifier: workspace:*
        version: link:../runtime-darwin-arm64
      '@midori/runtime-darwin-x64':
        specifier: workspace:*
        version: link:../runtime-darwin-x64
      '@midori/runtime-linux-x64':
        specifier: workspace:*
        version: link:../runtime-linux-x64
      '@midori/runtime-win32-x64':
        specifier: workspace:*
        version: link:../runtime-win32-x64

  packages/runtime-darwin-arm64: {}

  packages/runtime-darwin-x64: {}

  packages/runtime-linux-x64: {}

  packages/runtime-win32-x64: {}

  packages/ui: {}

packages:

  '@biomejs/biome@2.5.3':
    resolution: {integrity: sha512-MrJswFdei9EfDwwUy2tQrPDpK0AO+RmMFvBoaaJ6ayBc3sUbHdCE+XG5N8vp+5So41ZupZJQm0roHFFhMGVD7A==}
    engines: {node: '>=14.21.3'}
    hasBin: true

  '@biomejs/cli-darwin-arm64@2.5.3':
    resolution: {integrity: sha512-QhYP9muVQ0nUO5zztFuPbEwi4+94sJWVjaZds9aMi1l/KNZBiUjdiSUrGHsTaMGDXrYl+r4AS2sUKfgH3w+V3g==}
    engines: {node: '>=14.21.3'}
    cpu: [arm64]
    os: [darwin]

  '@biomejs/cli-darwin-x64@2.5.3':
    resolution: {integrity: sha512-NC1Ss13UaW7QZX+y8j44bF7AP0jSJdBl6iRhe0MAkvaSqZy+mWg3GaXsrb+eSoHoGDBtaXWEbMVV0iVN2cZ7cQ==}
    engines: {node: '>=14.21.3'}
    cpu: [x64]
    os: [darwin]

  '@biomejs/cli-linux-arm64-musl@2.5.3':
    resolution: {integrity: sha512-fccix0w6xp6csCXgxeC0dU/3ecgRQal0y+cv2SP9ajNlhe7Yrk2Ug7UDe2j9AT9ZDYitkXpvUKgZjjuoYeP4Vg==}
    engines: {node: '>=14.21.3'}
    cpu: [arm64]
    os: [linux]

  '@biomejs/cli-linux-arm64@2.5.3':
    resolution: {integrity: sha512-ksx1KWeyYW18ILL04msF/J4ZBtBDN33znYK8Z/aNv/vlBVxL9/g3mGP+omgHJKy4+KWbK87vcmmpmurfNjSgiA==}
    engines: {node: '>=14.21.3'}
    cpu: [arm64]
    os: [linux]

  '@biomejs/cli-linux-x64-musl@2.5.3':
    resolution: {integrity: sha512-O/yU9YKRUiHhmcjF2f38PSjseVk3G4VLWYc0G2HWpzdBVREV6G8IGWIVEFf7MFPfWIzNUIvPsEjeAZQIOgnLcQ==}
    engines: {node: '>=14.21.3'}
    cpu: [x64]
    os: [linux]

  '@biomejs/cli-linux-x64@2.5.3':
    resolution: {integrity: sha512-yMkJtilsgvILDcVkh187aVLTb64xYsrxYajx5kym+r1ULkO5HUOfu9AYKLGQbOVLwJtT2utNw7hhFNg+17mUYA==}
    engines: {node: '>=14.21.3'}
    cpu: [x64]
    os: [linux]

  '@biomejs/cli-win32-arm64@2.5.3':
    resolution: {integrity: sha512-cX5z+GYwRcqEok0AH3KSfQGgqYd0Nomfp6Fbe1uiTtELE38hdH2k842wQ9wLNaF/JJ7r4rjJQ4VR+ce+fRmQbw==}
    engines: {node: '>=14.21.3'}
    cpu: [arm64]
    os: [win32]

  '@biomejs/cli-win32-x64@2.5.3':
    resolution: {integrity: sha512-ExSaJWi4/u6+GXCszlSKpWSjKNbDseAYqqkCznsCsZ/4uidZ/BEqsCc5/3ctlq6dfIubdIIRSVLC/PG9xPl70Q==}
    engines: {node: '>=14.21.3'}
    cpu: [x64]
    os: [win32]

  lefthook-darwin-arm64@2.1.10:
    resolution: {integrity: sha512-nw+X8wRNDoUUV6WSteyKBbcLySq+fsmZt5WV/s50ZJpysmsDKJOUMln6SllNfP+60dzUahAO7REco/2633BsLg==}
    cpu: [arm64]
    os: [darwin]

  lefthook-darwin-x64@2.1.10:
    resolution: {integrity: sha512-KQ/bHmvpkFdHMn4pZnUdTf+GuSC+aBBgBTxZT4GW+6cSf+qbErKZBhK7cH6BmILsvx43+VzEArvHYY7YOfRFOQ==}
    cpu: [x64]
    os: [darwin]

  lefthook-freebsd-arm64@2.1.10:
    resolution: {integrity: sha512-8su6DwydP7+pv7kG0zCtjphqsw4ouOnfexRUErapy5GTxYBoUOhYz3RSHTSWNRsK6W4jva7FPUh2Lp5/PSn30w==}
    cpu: [arm64]
    os: [freebsd]

  lefthook-freebsd-x64@2.1.10:
    resolution: {integrity: sha512-GeAJEFxko3Lk+AsnS3NleAFrpyMLFUKOlgJvPKuU0xHwVEI/z+ZoCcmuO0BX+4CS0NLbZhC/YQAvBASqDvvVdQ==}
    cpu: [x64]
    os: [freebsd]

  lefthook-linux-arm64@2.1.10:
    resolution: {integrity: sha512-1sHTCmpTWjVMs+yKPBLRNT1kuuIr1yjietlk7rCB6wFPVOS6Ph3o2zPFH2AvW1UymHlqwyHXzBr9EtDpQ7j1mQ==}
    cpu: [arm64]
    os: [linux]

  lefthook-linux-x64@2.1.10:
    resolution: {integrity: sha512-z/VlRB3bh6mBvW3r1rwnJ5vP8z+Krx5gJzkZ4veDXh+6FlRTx8wtd3g3fllOv/yZMxkgmL3fQoFXv05Esa7vBQ==}
    cpu: [x64]
    os: [linux]

  lefthook-openbsd-arm64@2.1.10:
    resolution: {integrity: sha512-430zL8sSIKw5P0YXGG6PB+eAhHa06n0PXuaERaAQE4Ss3odfqwnl5Mq9hQmkEnOS1EGiQEKkd0UHv/i4PtMNIQ==}
    cpu: [arm64]
    os: [openbsd]

  lefthook-openbsd-x64@2.1.10:
    resolution: {integrity: sha512-bgkO8PphGZVDhQgCJ524aYYPI5491pVmCiLPGjBIo1AvOSlIyw4N1Y+1C3QfqwEmechzw+Aq16SNc8pqv6UuXg==}
    cpu: [x64]
    os: [openbsd]

  lefthook-windows-arm64@2.1.10:
    resolution: {integrity: sha512-5Q6etF0Fla2DDA4ilDySrdNgiR5+W7cJZwnZ69Je3kvWCaWm4wnkuc8FEdjp3kiL2x3ZXipdI00f5vpO8aWmog==}
    cpu: [arm64]
    os: [win32]

  lefthook-windows-x64@2.1.10:
    resolution: {integrity: sha512-c/XH8YZtylG4XaxzqFfXluvq2LXq2W/p54Bnzn3+Z7E5X2Fk3JlFJAibulMbIt2+w8T7UI/r97ok5GqE4kGaeA==}
    cpu: [x64]
    os: [win32]

  lefthook@2.1.10:
    resolution: {integrity: sha512-K7mM4WoqMwqfXYK11EHy+lSH1uW8XHni3Yn/bSqyerPkUPygGdf3xn18JoV5HyA06xuQL3ofGAOjG01QX9oJ4w==}
    hasBin: true

snapshots:

  '@biomejs/biome@2.5.3':
    optionalDependencies:
      '@biomejs/cli-darwin-arm64': 2.5.3
      '@biomejs/cli-darwin-x64': 2.5.3
      '@biomejs/cli-linux-arm64': 2.5.3
      '@biomejs/cli-linux-arm64-musl': 2.5.3
      '@biomejs/cli-linux-x64': 2.5.3
      '@biomejs/cli-linux-x64-musl': 2.5.3
      '@biomejs/cli-win32-arm64': 2.5.3
      '@biomejs/cli-win32-x64': 2.5.3

  '@biomejs/cli-darwin-arm64@2.5.3':
    optional: true

  '@biomejs/cli-darwin-x64@2.5.3':
    optional: true

  '@biomejs/cli-linux-arm64-musl@2.5.3':
    optional: true

  '@biomejs/cli-linux-arm64@2.5.3':
    optional: true

  '@biomejs/cli-linux-x64-musl@2.5.3':
    optional: true

  '@biomejs/cli-linux-x64@2.5.3':
    optional: true

  '@biomejs/cli-win32-arm64@2.5.3':
    optional: true

  '@biomejs/cli-win32-x64@2.5.3':
    optional: true

  lefthook-darwin-arm64@2.1.10:
    optional: true

  lefthook-darwin-x64@2.1.10:
    optional: true

  lefthook-freebsd-arm64@2.1.10:
    optional: true

  lefthook-freebsd-x64@2.1.10:
    optional: true

  lefthook-linux-arm64@2.1.10:
    optional: true

  lefthook-linux-x64@2.1.10:
    optional: true

  lefthook-openbsd-arm64@2.1.10:
    optional: true

  lefthook-openbsd-x64@2.1.10:
    optional: true

  lefthook-windows-arm64@2.1.10:
    optional: true

  lefthook-windows-x64@2.1.10:
    optional: true

  lefthook@2.1.10:
    optionalDependencies:
      lefthook-darwin-arm64: 2.1.10
      lefthook-darwin-x64: 2.1.10
      lefthook-freebsd-arm64: 2.1.10
      lefthook-freebsd-x64: 2.1.10
      lefthook-linux-arm64: 2.1.10
      lefthook-linux-x64: 2.1.10
      lefthook-openbsd-arm64: 2.1.10
      lefthook-openbsd-x64: 2.1.10
      lefthook-windows-arm64: 2.1.10
      lefthook-windows-x64: 2.1.10
